// !$*UTF8*$!
{
	archiveVersion = 1;
	classes = {
	};
	objectVersion = 55;
	objects = {

/* Begin PBXBuildFile section */
		A85410F4296E722A00C6295E /* TableViewCell.swift in Sources */ = {isa = PBXBuildFile; fileRef = A85410F3296E722A00C6295E /* TableViewCell.swift */; };
		A85410F6296E793600C6295E /* GetApiRequest.swift in Sources */ = {isa = PBXBuildFile; fileRef = A85410F5296E793600C6295E /* GetApiRequest.swift */; };
		A85410F8296E7A7E00C6295E /* AlbumsModel.swift in Sources */ = {isa = PBXBuildFile; fileRef = A85410F7296E7A7E00C6295E /* AlbumsModel.swift */; };
		A8DD844E296D86040009C6A0 /* AppDelegate.swift in Sources */ = {isa = PBXBuildFile; fileRef = A8DD844D296D86040009C6A0 /* AppDelegate.swift */; };
		A8DD8450296D86040009C6A0 /* SceneDelegate.swift in Sources */ = {isa = PBXBuildFile; fileRef = A8DD844F296D86040009C6A0 /* SceneDelegate.swift */; };
		A8DD8452296D86040009C6A0 /* ViewController.swift in Sources */ = {isa = PBXBuildFile; fileRef = A8DD8451296D86040009C6A0 /* ViewController.swift */; };
		A8DD8455296D86040009C6A0 /* Main.storyboard in Resources */ = {isa = PBXBuildFile; fileRef = A8DD8453296D86040009C6A0 /* Main.storyboard */; };
		A8DD8457296D86050009C6A0 /* Assets.xcassets in Resources */ = {isa = PBXBuildFile; fileRef = A8DD8456296D86050009C6A0 /* Assets.xcassets */; };
		A8DD845A296D86050009C6A0 /* LaunchScreen.storyboard in Resources */ = {isa = PBXBuildFile; fileRef = A8DD8458296D86050009C6A0 /* LaunchScreen.storyboard */; };
		A8DD8465296D86050009C6A0 /* Albums_APITests.swift in Sources */ = {isa = PBXBuildFile; fileRef = A8DD8464296D86050009C6A0 /* Albums_APITests.swift */; };
		A8DD846F296D86050009C6A0 /* Albums_APIUITests.swift in Sources */ = {isa = PBXBuildFile; fileRef = A8DD846E296D86050009C6A0 /* Albums_APIUITests.swift */; };
		A8DD8471296D86060009C6A0 /* Albums_APIUITestsLaunchTests.swift in Sources */ = {isa = PBXBuildFile; fileRef = A8DD8470296D86060009C6A0 /* Albums_APIUITestsLaunchTests.swift */; };
/* End PBXBuildFile section */

/* Begin PBXContainerItemProxy section */
		A8DD8461296D86050009C6A0 /* PBXContainerItemProxy */ = {
			isa = PBXContainerItemProxy;
			containerPortal = A8DD8442296D86040009C6A0 /* Project object */;
			proxyType = 1;
			remoteGlobalIDString = A8DD8449296D86040009C6A0;
			remoteInfo = "Albums API";
		};
		A8DD846B296D86050009C6A0 /* PBXContainerItemProxy */ = {
			isa = PBXContainerItemProxy;
			containerPortal = A8DD8442296D86040009C6A0 /* Project object */;
			proxyType = 1;
			remoteGlobalIDString = A8DD8449296D86040009C6A0;
			remoteInfo = "Albums API";
		};
/* End PBXContainerItemProxy section */

/* Begin PBXFileReference section */
		A85410F3296E722A00C6295E /* TableViewCell.swift */ = {isa = PBXFileReference; lastKnownFileType = sourcecode.swift; path = TableViewCell.swift; sourceTree = "<group>"; };
		A85410F5296E793600C6295E /* GetApiRequest.swift */ = {isa = PBXFileReference; lastKnownFileType = sourcecode.swift; path = GetApiRequest.swift; sourceTree = "<group>"; };
		A85410F7296E7A7E00C6295E /* AlbumsModel.swift */ = {isa = PBXFileReference; lastKnownFileType = sourcecode.swift; path = AlbumsModel.swift; sourceTree = "<group>"; };
		A8DD844A296D86040009C6A0 /* Albums API.app */ = {isa = PBXFileReference; explicitFileType = wrapper.application; includeInIndex = 0; path = "Albums API.app"; sourceTree = BUILT_PRODUCTS_DIR; };
		A8DD844D296D86040009C6A0 /* AppDelegate.swift */ = {isa = PBXFileReference; lastKnownFileType = sourcecode.swift; path = AppDelegate.swift; sourceTree = "<group>"; };
		A8DD844F296D86040009C6A0 /* SceneDelegate.swift */ = {isa = PBXFileReference; lastKnownFileType = sourcecode.swift; path = SceneDelegate.swift; sourceTree = "<group>"; };
		A8DD8451296D86040009C6A0 /* ViewController.swift */ = {isa = PBXFileReference; lastKnownFileType = sourcecode.swift; path = ViewController.swift; sourceTree = "<group>"; };
		A8DD8454296D86040009C6A0 /* Base */ = {isa = PBXFileReference; lastKnownFileType = file.storyboard; name = Base; path = Base.lproj/Main.storyboard; sourceTree = "<group>"; };
		A8DD8456296D86050009C6A0 /* Assets.xcassets */ = {isa = PBXFileReference; lastKnownFileType = folder.assetcatalog; path = Assets.xcassets; sourceTree = "<group>"; };
		A8DD8459296D86050009C6A0 /* Base */ = {isa = PBXFileReference; lastKnownFileType = file.storyboard; name = Base; path = Base.lproj/LaunchScreen.storyboard; sourceTree = "<group>"; };
		A8DD845B296D86050009C6A0 /* Info.plist */ = {isa = PBXFileReference; lastKnownFileType = text.plist.xml; path = Info.plist; sourceTree = "<group>"; };
		A8DD8460296D86050009C6A0 /* Albums APITests.xctest */ = {isa = PBXFileReference; explicitFileType = wrapper.cfbundle; includeInIndex = 0; path = "Albums APITests.xctest"; sourceTree = BUILT_PRODUCTS_DIR; };
		A8DD8464296D86050009C6A0 /* Albums_APITests.swift */ = {isa = PBXFileReference; lastKnownFileType = sourcecode.swift; path = Albums_APITests.swift; sourceTree = "<group>"; };
		A8DD846A296D86050009C6A0 /* Albums APIUITests.xctest */ = {isa = PBXFileReference; explicitFileType = wrapper.cfbundle; includeInIndex = 0; path = "Albums APIUITests.xctest"; sourceTree = BUILT_PRODUCTS_DIR; };
		A8DD846E296D86050009C6A0 /* Albums_APIUITests.swift */ = {isa = PBXFileReference; lastKnownFileType = sourcecode.swift; path = Albums_APIUITests.swift; sourceTree = "<group>"; };
		A8DD8470296D86060009C6A0 /* Albums_APIUITestsLaunchTests.swift */ = {isa = PBXFileReference; lastKnownFileType = sourcecode.swift; path = Albums_APIUITestsLaunchTests.swift; sourceTree = "<group>"; };
/* End PBXFileReference section */

/* Begin PBXFrameworksBuildPhase section */
		A8DD8447296D86040009C6A0 /* Frameworks */ = {
			isa = PBXFrameworksBuildPhase;
			buildActionMask = 2147483647;
			files = (
			);
			runOnlyForDeploymentPostprocessing = 0;
		};
		A8DD845D296D86050009C6A0 /* Frameworks */ = {
			isa = PBXFrameworksBuildPhase;
			buildActionMask = 2147483647;
			files = (
			);
			runOnlyForDeploymentPostprocessing = 0;
		};
		A8DD8467296D86050009C6A0 /* Frameworks */ = {
			isa = PBXFrameworksBuildPhase;
			buildActionMask = 2147483647;
			files = (
			);
			runOnlyForDeploymentPostprocessing = 0;
		};
/* End PBXFrameworksBuildPhase section */

/* Begin PBXGroup section */
		A8DD8441296D86040009C6A0 = {
			isa = PBXGroup;
			children = (
				A8DD844C296D86040009C6A0 /* Albums API */,
				A8DD8463296D86050009C6A0 /* Albums APITests */,
				A8DD846D296D86050009C6A0 /* Albums APIUITests */,
				A8DD844B296D86040009C6A0 /* Products */,
			);
			sourceTree = "<group>";
		};
		A8DD844B296D86040009C6A0 /* Products */ = {
			isa = PBXGroup;
			children = (
				A8DD844A296D86040009C6A0 /* Albums API.app */,
				A8DD8460296D86050009C6A0 /* Albums APITests.xctest */,
				A8DD846A296D86050009C6A0 /* Albums APIUITests.xctest */,
			);
			name = Products;
			sourceTree = "<group>";
		};
		A8DD844C296D86040009C6A0 /* Albums API */ = {
			isa = PBXGroup;
			children = (
				A8DD844D296D86040009C6A0 /* AppDelegate.swift */,
				A8DD844F296D86040009C6A0 /* SceneDelegate.swift */,
				A8DD8451296D86040009C6A0 /* ViewController.swift */,
				A85410F3296E722A00C6295E /* TableViewCell.swift */,
				A85410F5296E793600C6295E /* GetApiRequest.swift */,
				A8DD8453296D86040009C6A0 /* Main.storyboard */,
				A8DD8456296D86050009C6A0 /* Assets.xcassets */,
				A8DD8458296D86050009C6A0 /* LaunchScreen.storyboard */,
				A8DD845B296D86050009C6A0 /* Info.plist */,
				A85410F7296E7A7E00C6295E /* AlbumsModel.swift */,
			);
			path = "Albums API";
			sourceTree = "<group>";
		};
		A8DD8463296D86050009C6A0 /* Albums APITests */ = {
			isa = PBXGroup;
			children = (
				A8DD8464296D86050009C6A0 /* Albums_APITests.swift */,
			);
			path = "Albums APITests";
			sourceTree = "<group>";
		};
		A8DD846D296D86050009C6A0 /* Albums APIUITests */ = {
			isa = PBXGroup;
			children = (
				A8DD846E296D86050009C6A0 /* Albums_APIUITests.swift */,
				A8DD8470296D86060009C6A0 /* Albums_APIUITestsLaunchTests.swift */,
			);
			path = "Albums APIUITests";
			sourceTree = "<group>";
		};
/* End PBXGroup section */

/* Begin PBXNativeTarget section */
		A8DD8449296D86040009C6A0 /* Albums API */ = {
			isa = PBXNativeTarget;
			buildConfigurationList = A8DD8474296D86060009C6A0 /* Build configuration list for PBXNativeTarget "Albums API" */;
			buildPhases = (
				A8DD8446296D86040009C6A0 /* Sources */,
				A8DD8447296D86040009C6A0 /* Frameworks */,
				A8DD8448296D86040009C6A0 /* Resources */,
			);
			buildRules = (
			);
			dependencies = (
			);
			name = "Albums API";
			productName = "Albums API";
			productReference = A8DD844A296D86040009C6A0 /* Albums API.app */;
			productType = "com.apple.product-type.application";
		};
		A8DD845F296D86050009C6A0 /* Albums APITests */ = {
			isa = PBXNativeTarget;
			buildConfigurationList = A8DD8477296D86060009C6A0 /* Build configuration list for PBXNativeTarget "Albums APITests" */;
			buildPhases = (
				A8DD845C296D86050009C6A0 /* Sources */,
				A8DD845D296D86050009C6A0 /* Frameworks */,
				A8DD845E296D86050009C6A0 /* Resources */,
			);
			buildRules = (
			);
			dependencies = (
				A8DD8462296D86050009C6A0 /* PBXTargetDependency */,
			);
			name = "Albums APITests";
			productName = "Albums APITests";
			productReference = A8DD8460296D86050009C6A0 /* Albums APITests.xctest */;
			productType = "com.apple.product-type.bundle.unit-test";
		};
		A8DD8469296D86050009C6A0 /* Albums APIUITests */ = {
			isa = PBXNativeTarget;
			buildConfigurationList = A8DD847A296D86060009C6A0 /* Build configuration list for PBXNativeTarget "Albums APIUITests" */;
			buildPhases = (
				A8DD8466296D86050009C6A0 /* Sources */,
				A8DD8467296D86050009C6A0 /* Frameworks */,
				A8DD8468296D86050009C6A0 /* Resources */,
			);
			buildRules = (
			);
			dependencies = (
				A8DD846C296D86050009C6A0 /* PBXTargetDependency */,
			);
			name = "Albums APIUITests";
			productName = "Albums APIUITests";
			productReference = A8DD846A296D86050009C6A0 /* Albums APIUITests.xctest */;
			productType = "com.apple.product-type.bundle.ui-testing";
		};
/* End PBXNativeTarget section */

/* Begin PBXProject section */
		A8DD8442296D86040009C6A0 /* Project object */ = {
			isa = PBXProject;
			attributes = {
				BuildIndependentTargetsInParallel = 1;
				LastSwiftUpdateCheck = 1340;
				LastUpgradeCheck = 1340;
				TargetAttributes = {
					A8DD8449296D86040009C6A0 = {
						CreatedOnToolsVersion = 13.4.1;
					};
					A8DD845F296D86050009C6A0 = {
						CreatedOnToolsVersion = 13.4.1;
						TestTargetID = A8DD8449296D86040009C6A0;
					};
					A8DD8469296D86050009C6A0 = {
						CreatedOnToolsVersion = 13.4.1;
						TestTargetID = A8DD8449296D86040009C6A0;
					};
				};
			};
			buildConfigurationList = A8DD8445296D86040009C6A0 /* Build configuration list for PBXProject "Albums API" */;
			compatibilityVersion = "Xcode 13.0";
			developmentRegion = en;
			hasScannedForEncodings = 0;
			knownRegions = (
				en,
				Base,
			);
			mainGroup = A8DD8441296D86040009C6A0;
			productRefGroup = A8DD844B296D86040009C6A0 /* Products */;
			projectDirPath = "";
			projectRoot = "";
			targets = (
				A8DD8449296D86040009C6A0 /* Albums API */,
				A8DD845F296D86050009C6A0 /* Albums APITests */,
				A8DD8469296D86050009C6A0 /* Albums APIUITests */,
			);
		};
/* End PBXProject section */

/* Begin PBXResourcesBuildPhase section */
		A8DD8448296D86040009C6A0 /* Resources */ = {
			isa = PBXResourcesBuildPhase;
			buildActionMask = 2147483647;
			files = (
				A8DD845A296D86050009C6A0 /* LaunchScreen.storyboard in Resources */,
				A8DD8457296D86050009C6A0 /* Assets.xcassets in Resources */,
				A8DD8455296D86040009C6A0 /* Main.storyboard in Resources */,
			);
			runOnlyForDeploymentPostprocessing = 0;
		};
		A8DD845E296D86050009C6A0 /* Resources */ = {
			isa = PBXResourcesBuildPhase;
			buildActionMask = 2147483647;
			files = (
			);
			runOnlyForDeploymentPostprocessing = 0;
		};
		A8DD8468296D86050009C6A0 /* Resources */ = {
			isa = PBXResourcesBuildPhase;
			buildActionMask = 2147483647;
			files = (
			);
			runOnlyForDeploymentPostprocessing = 0;
		};
/* End PBXResourcesBuildPhase section */

/* Begin PBXSourcesBuildPhase section */
		A8DD8446296D86040009C6A0 /* Sources */ = {
			isa = PBXSourcesBuildPhase;
			buildActionMask = 2147483647;
			files = (
				A8DD8452296D86040009C6A0 /* ViewController.swift in Sources */,
				A85410F8296E7A7E00C6295E /* AlbumsModel.swift in Sources */,
				A85410F4296E722A00C6295E /* TableViewCell.swift in Sources */,
				A8DD844E296D86040009C6A0 /* AppDelegate.swift in Sources */,
				A8DD8450296D86040009C6A0 /* SceneDelegate.swift in Sources */,
				A85410F6296E793600C6295E /* GetApiRequest.swift in Sources */,
			);
			runOnlyForDeploymentPostprocessing = 0;
		};
		A8DD845C296D86050009C6A0 /* Sources */ = {
			isa = PBXSourcesBuildPhase;
			buildActionMask = 2147483647;
			files = (
				A8DD8465296D86050009C6A0 /* Albums_APITests.swift in Sources */,
			);
			runOnlyForDeploymentPostprocessing = 0;
		};
		A8DD8466296D86050009C6A0 /* Sources */ = {
			isa = PBXSourcesBuildPhase;
			buildActionMask = 2147483647;
			files = (
				A8DD846F296D86050009C6A0 /* Albums_APIUITests.swift in Sources */,
				A8DD8471296D86060009C6A0 /* Albums_APIUITestsLaunchTests.swift in Sources */,
			);
			runOnlyForDeploymentPostprocessing = 0;
		};
/* End PBXSourcesBuildPhase section */

/* Begin PBXTargetDependency section */
		A8DD8462296D86050009C6A0 /* PBXTargetDependency */ = {
			isa = PBXTargetDependency;
			target = A8DD8449296D86040009C6A0 /* Albums API */;
			targetProxy = A8DD8461296D86050009C6A0 /* PBXContainerItemProxy */;
		};
		A8DD846C296D86050009C6A0 /* PBXTargetDependency */ = {
			isa = PBXTargetDependency;
			target = A8DD8449296D86040009C6A0 /* Albums API */;
			targetProxy = A8DD846B296D86050009C6A0 /* PBXContainerItemProxy */;
		};
/* End PBXTargetDependency section */

/* Begin PBXVariantGroup section */
		A8DD8453296D86040009C6A0 /* Main.storyboard */ = {
			isa = PBXVariantGroup;
			children = (
				A8DD8454296D86040009C6A0 /* Base */,
			);
			name = Main.storyboard;
			sourceTree = "<group>";
		};
		A8DD8458296D86050009C6A0 /* LaunchScreen.storyboard */ = {
			isa = PBXVariantGroup;
			children = (
				A8DD8459296D86050009C6A0 /* Base */,
			);
			name = LaunchScreen.storyboard;
			sourceTree = "<group>";
		};
/* End PBXVariantGroup section */

/* Begin XCBuildConfiguration section */
		A8DD8472296D86060009C6A0 /* Debug */ = {
			isa = XCBuildConfiguration;
			buildSettings = {
				ALWAYS_SEARCH_USER_PATHS = NO;
				CLANG_ANALYZER_NONNULL = YES;
				CLANG_ANALYZER_NUMBER_OBJECT_CONVERSION = YES_AGGRESSIVE;
				CLANG_CXX_LANGUAGE_STANDARD = "gnu++17";
				CLANG_ENABLE_MODULES = YES;
				CLANG_ENABLE_OBJC_ARC = YES;
				CLANG_ENABLE_OBJC_WEAK = YES;
				CLANG_WARN_BLOCK_CAPTURE_AUTORELEASING = YES;
				CLANG_WARN_BOOL_CONVERSION = YES;
				CLANG_WARN_COMMA = YES;
				CLANG_WARN_CONSTANT_CONVERSION = YES;
				CLANG_WARN_DEPRECATED_OBJC_IMPLEMENTATIONS = YES;
				CLANG_WARN_DIRECT_OBJC_ISA_USAGE = YES_ERROR;
				CLANG_WARN_DOCUMENTATION_COMMENTS = YES;
				CLANG_WARN_EMPTY_BODY = YES;
				CLANG_WARN_ENUM_CONVERSION = YES;
				CLANG_WARN_INFINITE_RECURSION = YES;
				CLANG_WARN_INT_CONVERSION = YES;
				CLANG_WARN_NON_LITERAL_NULL_CONVERSION = YES;
				CLANG_WARN_OBJC_IMPLICIT_RETAIN_SELF = YES;
				CLANG_WARN_OBJC_LITERAL_CONVERSION = YES;
				CLANG_WARN_OBJC_ROOT_CLASS = YES_ERROR;
				CLANG_WARN_QUOTED_INCLUDE_IN_FRAMEWORK_HEADER = YES;
				CLANG_WARN_RANGE_LOOP_ANALYSIS = YES;
				CLANG_WARN_STRICT_PROTOTYPES = YES;
				CLANG_WARN_SUSPICIOUS_MOVE = YES;
				CLANG_WARN_UNGUARDED_AVAILABILITY = YES_AGGRESSIVE;
				CLANG_WARN_UNREACHABLE_CODE = YES;
				CLANG_WARN__DUPLICATE_METHOD_MATCH = YES;
				COPY_PHASE_STRIP = NO;
				DEBUG_INFORMATION_FORMAT = dwarf;
				ENABLE_STRICT_OBJC_MSGSEND = YES;
				ENABLE_TESTABILITY = YES;
				GCC_C_LANGUAGE_STANDARD = gnu11;
				GCC_DYNAMIC_NO_PIC = NO;
				GCC_NO_COMMON_BLOCKS = YES;
				GCC_OPTIMIZATION_LEVEL = 0;
				GCC_PREPROCESSOR_DEFINITIONS = (
					"DEBUG=1",
					"$(inherited)",
				);
				GCC_WARN_64_TO_32_BIT_CONVERSION = YES;
				GCC_WARN_ABOUT_RETURN_TYPE = YES_ERROR;
				GCC_WARN_UNDECLARED_SELECTOR = YES;
				GCC_WARN_UNINITIALIZED_AUTOS = YES_AGGRESSIVE;
				GCC_WARN_UNUSED_FUNCTION = YES;
				GCC_WARN_UNUSED_VARIABLE = YES;
				IPHONEOS_DEPLOYMENT_TARGET = 15.5;
				MTL_ENABLE_DEBUG_INFO = INCLUDE_SOURCE;
				MTL_FAST_MATH = YES;
				ONLY_ACTIVE_ARCH = YES;
				SDKROOT = iphoneos;
				SWIFT_ACTIVE_COMPILATION_CONDITIONS = DEBUG;
				SWIFT_OPTIMIZATION_LEVEL = "-Onone";
			};
			name = Debug;
		};
		A8DD8473296D86060009C6A0 /* Release */ = {
			isa = XCBuildConfiguration;
			buildSettings = {
				ALWAYS_SEARCH_USER_PATHS = NO;
				CLANG_ANALYZER_NONNULL = YES;
				CLANG_ANALYZER_NUMBER_OBJECT_CONVERSION = YES_AGGRESSIVE;
				CLANG_CXX_LANGUAGE_STANDARD = "gnu++17";
				CLANG_ENABLE_MODULES = YES;
				CLANG_ENABLE_OBJC_ARC = YES;
				CLANG_ENABLE_OBJC_WEAK = YES;
				CLANG_WARN_BLOCK_CAPTURE_AUTORELEASING = YES;
				CLANG_WARN_BOOL_CONVERSION = YES;
				CLANG_WARN_COMMA = YES;
				CLANG_WARN_CONSTANT_CONVERSION = YES;
				CLANG_WARN_DEPRECATED_OBJC_IMPLEMENTATIONS = YES;
				CLANG_WARN_DIRECT_OBJC_ISA_USAGE = YES_ERROR;
				CLANG_WARN_DOCUMENTATION_COMMENTS = YES;
				CLANG_WARN_EMPTY_BODY = YES;
				CLANG_WARN_ENUM_CONVERSION = YES;
				CLANG_WARN_INFINITE_RECURSION = YES;
				CLANG_WARN_INT_CONVERSION = YES;
				CLANG_WARN_NON_LITERAL_NULL_CONVERSION = YES;
				CLANG_WARN_OBJC_IMPLICIT_RETAIN_SELF = YES;
				CLANG_WARN_OBJC_LITERAL_CONVERSION = YES;
				CLANG_WARN_OBJC_ROOT_CLASS = YES_ERROR;
				CLANG_WARN_QUOTED_INCLUDE_IN_FRAMEWORK_HEADER = YES;
				CLANG_WARN_RANGE_LOOP_ANALYSIS = YES;
				CLANG_WARN_STRICT_PROTOTYPES = YES;
				CLANG_WARN_SUSPICIOUS_MOVE = YES;
				CLANG_WARN_UNGUARDED_AVAILABILITY = YES_AGGRESSIVE;
				CLANG_WARN_UNREACHABLE_CODE = YES;
				CLANG_WARN__DUPLICATE_METHOD_MATCH = YES;
				COPY_PHASE_STRIP = NO;
				DEBUG_INFORMATION_FORMAT = "dwarf-with-dsym";
				ENABLE_NS_ASSERTIONS = NO;
				ENABLE_STRICT_OBJC_MSGSEND = YES;
				GCC_C_LANGUAGE_STANDARD = gnu11;
				GCC_NO_COMMON_BLOCKS = YES;
				GCC_WARN_64_TO_32_BIT_CONVERSION = YES;
				GCC_WARN_ABOUT_RETURN_TYPE = YES_ERROR;
				GCC_WARN_UNDECLARED_SELECTOR = YES;
				GCC_WARN_UNINITIALIZED_AUTOS = YES_AGGRESSIVE;
				GCC_WARN_UNUSED_FUNCTION = YES;
				GCC_WARN_UNUSED_VARIABLE = YES;
				IPHONEOS_DEPLOYMENT_TARGET = 15.5;
				MTL_ENABLE_DEBUG_INFO = NO;
				MTL_FAST_MATH = YES;
				SDKROOT = iphoneos;
				SWIFT_COMPILATION_MODE = wholemodule;
				SWIFT_OPTIMIZATION_LEVEL = "-O";
				VALIDATE_PRODUCT = YES;
			};
			name = Release;
		};
		A8DD8475296D86060009C6A0 /* Debug */ = {
			isa = XCBuildConfiguration;
			buildSettings = {
				ASSETCATALOG_COMPILER_APPICON_NAME = AppIcon;
				ASSETCATALOG_COMPILER_GLOBAL_ACCENT_COLOR_NAME = AccentColor;
				CODE_SIGN_STYLE = Automatic;
				CURRENT_PROJECT_VERSION = 1;
				GENERATE_INFOPLIST_FILE = YES;
				INFOPLIST_FILE = "Albums API/Info.plist";
				INFOPLIST_KEY_UIApplicationSupportsIndirectInputEvents = YES;
				INFOPLIST_KEY_UILaunchStoryboardName = LaunchScreen;
				INFOPLIST_KEY_UIMainStoryboardFile = Main;
				INFOPLIST_KEY_UISupportedInterfaceOrientations_iPad = "UIInterfaceOrientationPortrait UIInterfaceOrientationPortraitUpsideDown UIInterfaceOrientationLandscapeLeft UIInterfaceOrientationLandscapeRight";
				INFOPLIST_KEY_UISupportedInterfaceOrientations_iPhone = "UIInterfaceOrientationPortrait UIInterfaceOrientationLandscapeLeft UIInterfaceOrientationLandscapeRight";
				LD_RUNPATH_SEARCH_PATHS = (
					"$(inherited)",
					"@executable_path/Frameworks",
				);
				MARKETING_VERSION = 1.0;
				PRODUCT_BUNDLE_IDENTIFIER = "nimapinfotech.Albums-API";
				PRODUCT_NAME = "$(TARGET_NAME)";
				SWIFT_EMIT_LOC_STRINGS = YES;
				SWIFT_VERSION = 5.0;
				TARGETED_DEVICE_FAMILY = "1,2";
			};
			name = Debug;
		};
		A8DD8476296D86060009C6A0 /* Release */ = {
			isa = XCBuildConfiguration;
			buildSettings = {
				ASSETCATALOG_COMPILER_APPICON_NAME = AppIcon;
				ASSETCATALOG_COMPILER_GLOBAL_ACCENT_COLOR_NAME = AccentColor;
				CODE_SIGN_STYLE = Automatic;
				CURRENT_PROJECT_VERSION = 1;
				GENERATE_INFOPLIST_FILE = YES;
				INFOPLIST_FILE = "Albums API/Info.plist";
				INFOPLIST_KEY_UIApplicationSupportsIndirectInputEvents = YES;
				INFOPLIST_KEY_UILaunchStoryboardName = LaunchScreen;
				INFOPLIST_KEY_UIMainStoryboardFile = Main;
				INFOPLIST_KEY_UISupportedInterfaceOrientations_iPad = "UIInterfaceOrientationPortrait UIInterfaceOrientationPortraitUpsideDown UIInterfaceOrientationLandscapeLeft UIInterfaceOrientationLandscapeRight";
				INFOPLIST_KEY_UISupportedInterfaceOrientations_iPhone = "UIInterfaceOrientationPortrait UIInterfaceOrientationLandscapeLeft UIInterfaceOrientationLandscapeRight";
				LD_RUNPATH_SEARCH_PATHS = (
					"$(inherited)",
					"@executable_path/Frameworks",
				);
				MARKETING_VERSION = 1.0;
				PRODUCT_BUNDLE_IDENTIFIER = "nimapinfotech.Albums-API";
				PRODUCT_NAME = "$(TARGET_NAME)";
				SWIFT_EMIT_LOC_STRINGS = YES;
				SWIFT_VERSION = 5.0;
				TARGETED_DEVICE_FAMILY = "1,2";
			};
			name = Release;
		};
		A8DD8478296D86060009C6A0 /* Debug */ = {
			isa = XCBuildConfiguration;
			buildSettings = {
				ALWAYS_EMBED_SWIFT_STANDARD_LIBRARIES = YES;
				BUNDLE_LOADER = "$(TEST_HOST)";
				CODE_SIGN_STYLE = Automatic;
				CURRENT_PROJECT_VERSION = 1;
				GENERATE_INFOPLIST_FILE = YES;
				IPHONEOS_DEPLOYMENT_TARGET = 15.5;
				MARKETING_VERSION = 1.0;
				PRODUCT_BUNDLE_IDENTIFIER = "nimapinfotech.Albums-APITests";
				PRODUCT_NAME = "$(TARGET_NAME)";
				SWIFT_EMIT_LOC_STRINGS = NO;
				SWIFT_VERSION = 5.0;
				TARGETED_DEVICE_FAMILY = "1,2";
				TEST_HOST = "$(BUILT_PRODUCTS_DIR)/Albums API.app/Albums API";
			};
			name = Debug;
		};
		A8DD8479296D86060009C6A0 /* Release */ = {
			isa = XCBuildConfiguration;
			buildSettings = {
				ALWAYS_EMBED_SWIFT_STANDARD_LIBRARIES = YES;
				BUNDLE_LOADER = "$(TEST_HOST)";
				CODE_SIGN_STYLE = Automatic;
				CURRENT_PROJECT_VERSION = 1;
				GENERATE_INFOPLIST_FILE = YES;
				IPHONEOS_DEPLOYMENT_TARGET = 15.5;
				MARKETING_VERSION = 1.0;
				PRODUCT_BUNDLE_IDENTIFIER = "nimapinfotech.Albums-APITests";
				PRODUCT_NAME = "$(TARGET_NAME)";
				SWIFT_EMIT_LOC_STRINGS = NO;
				SWIFT_VERSION = 5.0;
				TARGETED_DEVICE_FAMILY = "1,2";
				TEST_HOST = "$(BUILT_PRODUCTS_DIR)/Albums API.app/Albums API";
			};
			name = Release;
		};
		A8DD847B296D86060009C6A0 /* Debug */ = {
			isa = XCBuildConfiguration;
			buildSettings = {
				ALWAYS_EMBED_SWIFT_STANDARD_LIBRARIES = YES;
				CODE_SIGN_STYLE = Automatic;
				CURRENT_PROJECT_VERSION = 1;
				GENERATE_INFOPLIST_FILE = YES;
				MARKETING_VERSION = 1.0;
				PRODUCT_BUNDLE_IDENTIFIER = "nimapinfotech.Albums-APIUITests";
				PRODUCT_NAME = "$(TARGET_NAME)";
				SWIFT_EMIT_LOC_STRINGS = NO;
				SWIFT_VERSION = 5.0;
				TARGETED_DEVICE_FAMILY = "1,2";
				TEST_TARGET_NAME = "Albums API";
			};
			name = Debug;
		};
		A8DD847C296D86060009C6A0 /* Release */ = {
			isa = XCBuildConfiguration;
			buildSettings = {
				ALWAYS_EMBED_SWIFT_STANDARD_LIBRARIES = YES;
				CODE_SIGN_STYLE = Automatic;
				CURRENT_PROJECT_VERSION = 1;
				GENERATE_INFOPLIST_FILE = YES;
				MARKETING_VERSION = 1.0;
				PRODUCT_BUNDLE_IDENTIFIER = "nimapinfotech.Albums-APIUITests";
				PRODUCT_NAME = "$(TARGET_NAME)";
				SWIFT_EMIT_LOC_STRINGS = NO;
				SWIFT_VERSION = 5.0;
				TARGETED_DEVICE_FAMILY = "1,2";
				TEST_TARGET_NAME = "Albums API";
			};
			name = Release;
		};
/* End XCBuildConfiguration section */

/* Begin XCConfigurationList section */
		A8DD8445296D86040009C6A0 /* Build configuration list for PBXProject "Albums API" */ = {
			isa = XCConfigurationList;
			buildConfigurations = (
				A8DD8472296D86060009C6A0 /* Debug */,
				A8DD8473296D86060009C6A0 /* Release */,
			);
			defaultConfigurationIsVisible = 0;
			defaultConfigurationName = Release;
		};
		A8DD8474296D86060009C6A0 /* Build configuration list for PBXNativeTarget "Albums API" */ = {
			isa = XCConfigurationList;
			buildConfigurations = (
				A8DD8475296D86060009C6A0 /* Debug */,
				A8DD8476296D86060009C6A0 /* Release */,
			);
			defaultConfigurationIsVisible = 0;
			defaultConfigurationName = Release;
		};
		A8DD8477296D86060009C6A0 /* Build configuration list for PBXNativeTarget "Albums APITests" */ = {
			isa = XCConfigurationList;
			buildConfigurations = (
				A8DD8478296D86060009C6A0 /* Debug */,
				A8DD8479296D86060009C6A0 /* Release */,
			);
			defaultConfigurationIsVisible = 0;
			defaultConfigurationName = Release;
		};
		A8DD847A296D86060009C6A0 /* Build configuration list for PBXNativeTarget "Albums APIUITests" */ = {
			isa = XCConfigurationList;
			buildConfigurations = (
				A8DD847B296D86060009C6A0 /* Debug */,
				A8DD847C296D86060009C6A0 /* Release */,
			);
			defaultConfigurationIsVisible = 0;
			defaultConfigurationName = Release;
		};
/* End XCConfigurationList section */
	};
	rootObject = A8DD8442296D86040009C6A0 /* Project object */;
}
